
Microsoft Visual Studio Solution File, Format Version 12.00
# Visual Studio Version 17
VisualStudioVersion = 17.5.33516.290
MinimumVisualStudioVersion = 10.0.40219.1
Project("{FAE04EC0-301F-11D3-BF4B-00C04F79EFBC}") = "AuditTestApi", "AuditTestApi\AuditTestApi.csproj", "{44F6E5B7-C956-4B28-913C-CC41CCB7F09F}"
EndProject
Global
	GlobalSection(SolutionConfigurationPlatforms) = preSolution
		Debug|Any CPU = Debug|Any CPU
		Release|Any CPU = Release|Any CPU
	EndGlobalSection
	GlobalSection(ProjectConfigurationPlatforms) = postSolution
		{44F6E5B7-C956-4B28-913C-CC41CCB7F09F}.Debug|Any CPU.ActiveCfg = Debug|Any CPU
		{44F6E5B7-C956-4B28-913C-CC41CCB7F09F}.Debug|Any CPU.Build.0 = Debug|Any CPU
		{44F6E5B7-C956-4B28-913C-CC41CCB7F09F}.Release|Any CPU.ActiveCfg = Release|Any CPU
		{44F6E5B7-C956-4B28-913C-CC41CCB7F09F}.Release|Any CPU.Build.0 = Release|Any CPU
	EndGlobalSection
	GlobalSection(SolutionProperties) = preSolution
		HideSolutionNode = FALSE
	EndGlobalSection
	GlobalSection(ExtensibilityGlobals) = postSolution
		SolutionGuid = {0118677A-9B4E-448D-BDB9-CEFC67B3DBBB}
	EndGlobalSection
EndGlobal
